# Shared observer runtime target
# Research-only; production requirements stay unchanged.
python: 3.11.9
torch: 2.11.0+cu128
torchvision: 0.26.0+cu128
transformers: 5.17.0
grounding_dino: IDEA-Research/grounding-dino-tiny
sam: facebook/sam-vit-base
dinov3: facebook/dinov3-convnext-tiny-pretrain-lvd1689m
